
Microsoft Visual Studio Solution File, Format Version 12.00
# Visual Studio Version 17
VisualStudioVersion = 17.7.34221.43
MinimumVisualStudioVersion = 10.0.40219.1
Project("{9A19103F-16F7-4668-BE54-9A1E7A4F7556}") = "EaindrayDotNetCore.ConsoleApp", "EaindrayDotNetCore.ConsoleApp\EaindrayDotNetCore.ConsoleApp.csproj", "{148C7E4E-7ED9-44CB-9F29-952924DFC87D}"
EndProject
Project("{9A19103F-16F7-4668-BE54-9A1E7A4F7556}") = "EaindrayDotNetCore.RestApi", "EaindrayDotNetCore.RestApi\EaindrayDotNetCore.RestApi.csproj", "{F401B89E-7FED-4759-8F54-9589F31230BA}"
EndProject
Project("{2150E333-8FDC-42A3-9474-1A3956D46DE8}") = "EaindrayDotNetCore.JqueryApp", "EaindrayDotNetCore.JqueryApp", "{E04CC552-2844-418A-B92E-34995A68CF1F}"
	ProjectSection(SolutionItems) = preProject
		EaindrayDotNetCore.JqueryApp\counter.html = EaindrayDotNetCore.JqueryApp\counter.html
		datatable.html = datatable.html
		date-picker.html = date-picker.html
		EaindrayDotNetCore.JqueryApp\index.html = EaindrayDotNetCore.JqueryApp\index.html
		EaindrayDotNetCore.JqueryApp\json-test.html = EaindrayDotNetCore.JqueryApp\json-test.html
		ladda-button.html = ladda-button.html
		EaindrayDotNetCore.JqueryApp\local-storage.html = EaindrayDotNetCore.JqueryApp\local-storage.html
		radio-checkbox.html = radio-checkbox.html
		toastify.html = toastify.html
	EndProjectSection
EndProject
Project("{2150E333-8FDC-42A3-9474-1A3956D46DE8}") = "js", "js", "{CCF8806F-35CA-428A-BA28-53C14641A03A}"
	ProjectSection(SolutionItems) = preProject
		custom.js = custom.js
	EndProjectSection
EndProject
Project("{9A19103F-16F7-4668-BE54-9A1E7A4F7556}") = "EaindrayDotNetCore.MvcApp", "EaindrayDotNetCore.MvcApp\EaindrayDotNetCore.MvcApp.csproj", "{7DAAB00C-9FD1-4EBD-9668-5D670623885B}"
EndProject
Project("{FAE04EC0-301F-11D3-BF4B-00C04F79EFBC}") = "EaindrayDotNetCore.ThemeMvcApp", "EaindrayDotNetCore.ThemeMvcApp\EaindrayDotNetCore.ThemeMvcApp.csproj", "{789AF124-D9ED-472E-A6B8-18FC959A6D27}"
EndProject
Global
	GlobalSection(SolutionConfigurationPlatforms) = preSolution
		Debug|Any CPU = Debug|Any CPU
		Release|Any CPU = Release|Any CPU
	EndGlobalSection
	GlobalSection(ProjectConfigurationPlatforms) = postSolution
		{148C7E4E-7ED9-44CB-9F29-952924DFC87D}.Debug|Any CPU.ActiveCfg = Debug|Any CPU
		{148C7E4E-7ED9-44CB-9F29-952924DFC87D}.Debug|Any CPU.Build.0 = Debug|Any CPU
		{148C7E4E-7ED9-44CB-9F29-952924DFC87D}.Release|Any CPU.ActiveCfg = Release|Any CPU
		{148C7E4E-7ED9-44CB-9F29-952924DFC87D}.Release|Any CPU.Build.0 = Release|Any CPU
		{F401B89E-7FED-4759-8F54-9589F31230BA}.Debug|Any CPU.ActiveCfg = Debug|Any CPU
		{F401B89E-7FED-4759-8F54-9589F31230BA}.Debug|Any CPU.Build.0 = Debug|Any CPU
		{F401B89E-7FED-4759-8F54-9589F31230BA}.Release|Any CPU.ActiveCfg = Release|Any CPU
		{F401B89E-7FED-4759-8F54-9589F31230BA}.Release|Any CPU.Build.0 = Release|Any CPU
		{7DAAB00C-9FD1-4EBD-9668-5D670623885B}.Debug|Any CPU.ActiveCfg = Debug|Any CPU
		{7DAAB00C-9FD1-4EBD-9668-5D670623885B}.Debug|Any CPU.Build.0 = Debug|Any CPU
		{7DAAB00C-9FD1-4EBD-9668-5D670623885B}.Release|Any CPU.ActiveCfg = Release|Any CPU
		{7DAAB00C-9FD1-4EBD-9668-5D670623885B}.Release|Any CPU.Build.0 = Release|Any CPU
		{789AF124-D9ED-472E-A6B8-18FC959A6D27}.Debug|Any CPU.ActiveCfg = Debug|Any CPU
		{789AF124-D9ED-472E-A6B8-18FC959A6D27}.Debug|Any CPU.Build.0 = Debug|Any CPU
		{789AF124-D9ED-472E-A6B8-18FC959A6D27}.Release|Any CPU.ActiveCfg = Release|Any CPU
		{789AF124-D9ED-472E-A6B8-18FC959A6D27}.Release|Any CPU.Build.0 = Release|Any CPU
	EndGlobalSection
	GlobalSection(SolutionProperties) = preSolution
		HideSolutionNode = FALSE
	EndGlobalSection
	GlobalSection(NestedProjects) = preSolution
		{CCF8806F-35CA-428A-BA28-53C14641A03A} = {E04CC552-2844-418A-B92E-34995A68CF1F}
	EndGlobalSection
	GlobalSection(ExtensibilityGlobals) = postSolution
		SolutionGuid = {D93F8C7A-C9FA-4BC7-9644-BE361F657F6E}
	EndGlobalSection
EndGlobal
